// !$*UTF8*$!
{
	archiveVersion = 1;
	classes = {
	};
	objectVersion = 55;
	objects = {

/* Begin PBXBuildFile section */
		49B40DB627EB481500C28F26 /* SDWebImage in Frameworks */ = {isa = PBXBuildFile; productRef = 49B40DB527EB481500C28F26 /* SDWebImage */; };
		49B40DC027EB740300C28F26 /* characterDetailTests.swift in Sources */ = {isa = PBXBuildFile; fileRef = 49B40DBF27EB740300C28F26 /* characterDetailTests.swift */; };
		49B40DC727EC641D00C28F26 /* Seeds.swift in Sources */ = {isa = PBXBuildFile; fileRef = 49B40DC627EC641D00C28F26 /* Seeds.swift */; };
		49B40DC827EC644200C28F26 /* MarvelCharacter.swift in Sources */ = {isa = PBXBuildFile; fileRef = 49CF59A627E8C4A6008430A1 /* MarvelCharacter.swift */; };
		49B40DC927EC644800C28F26 /* ThumbnailImage.swift in Sources */ = {isa = PBXBuildFile; fileRef = 49CF59A827E8C5F4008430A1 /* ThumbnailImage.swift */; };
		49B40DCB27EC673A00C28F26 /* FakeCharacterWorker.swift in Sources */ = {isa = PBXBuildFile; fileRef = 49B40DCA27EC673A00C28F26 /* FakeCharacterWorker.swift */; };
		49B40DCF27EC6DE100C28F26 /* WorkerProtocols.swift in Sources */ = {isa = PBXBuildFile; fileRef = 49B40DCE27EC6DE000C28F26 /* WorkerProtocols.swift */; };
		49B40DD027EC6E2600C28F26 /* WorkerProtocols.swift in Sources */ = {isa = PBXBuildFile; fileRef = 49B40DCE27EC6DE000C28F26 /* WorkerProtocols.swift */; };
		49CF598727E8AE13008430A1 /* AppDelegate.swift in Sources */ = {isa = PBXBuildFile; fileRef = 49CF598627E8AE13008430A1 /* AppDelegate.swift */; };
		49CF598927E8AE13008430A1 /* SceneDelegate.swift in Sources */ = {isa = PBXBuildFile; fileRef = 49CF598827E8AE13008430A1 /* SceneDelegate.swift */; };
		49CF598E27E8AE13008430A1 /* Main.storyboard in Resources */ = {isa = PBXBuildFile; fileRef = 49CF598C27E8AE13008430A1 /* Main.storyboard */; };
		49CF599027E8AE15008430A1 /* Assets.xcassets in Resources */ = {isa = PBXBuildFile; fileRef = 49CF598F27E8AE15008430A1 /* Assets.xcassets */; };
		49CF599327E8AE15008430A1 /* LaunchScreen.storyboard in Resources */ = {isa = PBXBuildFile; fileRef = 49CF599127E8AE15008430A1 /* LaunchScreen.storyboard */; };
		49CF59A027E8B054008430A1 /* CharactersService.swift in Sources */ = {isa = PBXBuildFile; fileRef = 49CF599F27E8B054008430A1 /* CharactersService.swift */; };
		49CF59A327E8C204008430A1 /* CharacterDataWrapper.swift in Sources */ = {isa = PBXBuildFile; fileRef = 49CF59A227E8C204008430A1 /* CharacterDataWrapper.swift */; };
		49CF59A527E8C3EF008430A1 /* CharacterDataContainer.swift in Sources */ = {isa = PBXBuildFile; fileRef = 49CF59A427E8C3EF008430A1 /* CharacterDataContainer.swift */; };
		49CF59A727E8C4A6008430A1 /* MarvelCharacter.swift in Sources */ = {isa = PBXBuildFile; fileRef = 49CF59A627E8C4A6008430A1 /* MarvelCharacter.swift */; };
		49CF59A927E8C5F4008430A1 /* ThumbnailImage.swift in Sources */ = {isa = PBXBuildFile; fileRef = 49CF59A827E8C5F4008430A1 /* ThumbnailImage.swift */; };
		49CF59AB27E8C76C008430A1 /* Marvel.swift in Sources */ = {isa = PBXBuildFile; fileRef = 49CF59AA27E8C76C008430A1 /* Marvel.swift */; };
		49DC7A4D27E9F33E00C25C7D /* Moya in Frameworks */ = {isa = PBXBuildFile; productRef = 49DC7A4C27E9F33E00C25C7D /* Moya */; };
		49E21B0427EA0B12009A2B16 /* CharactersTableViewController.swift in Sources */ = {isa = PBXBuildFile; fileRef = 49E21B0327EA0B12009A2B16 /* CharactersTableViewController.swift */; };
		49E21B0627EA0B87009A2B16 /* ComicCell.swift in Sources */ = {isa = PBXBuildFile; fileRef = 49E21B0527EA0B87009A2B16 /* ComicCell.swift */; };
		49E21B0927EA0D31009A2B16 /* CharactersInteractor.swift in Sources */ = {isa = PBXBuildFile; fileRef = 49E21B0827EA0D31009A2B16 /* CharactersInteractor.swift */; };
		49E21B0B27EA0D3C009A2B16 /* CharactersPresenter.swift in Sources */ = {isa = PBXBuildFile; fileRef = 49E21B0A27EA0D3C009A2B16 /* CharactersPresenter.swift */; };
		49E21B0D27EA0DD2009A2B16 /* MarvelousRouter.swift in Sources */ = {isa = PBXBuildFile; fileRef = 49E21B0C27EA0DD2009A2B16 /* MarvelousRouter.swift */; };
		49E21B1027EA0E56009A2B16 /* ErrorViewController.swift in Sources */ = {isa = PBXBuildFile; fileRef = 49E21B0E27EA0E56009A2B16 /* ErrorViewController.swift */; };
		49E21B1127EA0E56009A2B16 /* ErrorViewController.xib in Resources */ = {isa = PBXBuildFile; fileRef = 49E21B0F27EA0E56009A2B16 /* ErrorViewController.xib */; };
		49E21B1427EA244A009A2B16 /* MarvelCharacter+Hashable.swift in Sources */ = {isa = PBXBuildFile; fileRef = 49E21B1327EA244A009A2B16 /* MarvelCharacter+Hashable.swift */; };
		49E21B1927EB2262009A2B16 /* CharacterDetailsViewController.swift in Sources */ = {isa = PBXBuildFile; fileRef = 49E21B1727EB2262009A2B16 /* CharacterDetailsViewController.swift */; };
		49F26AEB27E8CE9F006296C6 /* String+MD5.swift in Sources */ = {isa = PBXBuildFile; fileRef = 49F26AEA27E8CE9F006296C6 /* String+MD5.swift */; };
		49F26AED27E8D099006296C6 /* Dictionary+.swift in Sources */ = {isa = PBXBuildFile; fileRef = 49F26AEC27E8D099006296C6 /* Dictionary+.swift */; };
/* End PBXBuildFile section */

/* Begin PBXContainerItemProxy section */
		49B40DC127EB740300C28F26 /* PBXContainerItemProxy */ = {
			isa = PBXContainerItemProxy;
			containerPortal = 49CF597B27E8AE13008430A1 /* Project object */;
			proxyType = 1;
			remoteGlobalIDString = 49CF598227E8AE13008430A1;
			remoteInfo = characterDetail;
		};
/* End PBXContainerItemProxy section */

/* Begin PBXFileReference section */
		49B40DBD27EB740300C28F26 /* characterDetailTests.xctest */ = {isa = PBXFileReference; explicitFileType = wrapper.cfbundle; includeInIndex = 0; path = characterDetailTests.xctest; sourceTree = BUILT_PRODUCTS_DIR; };
		49B40DBF27EB740300C28F26 /* characterDetailTests.swift */ = {isa = PBXFileReference; lastKnownFileType = sourcecode.swift; path = characterDetailTests.swift; sourceTree = "<group>"; };
		49B40DC627EC641D00C28F26 /* Seeds.swift */ = {isa = PBXFileReference; lastKnownFileType = sourcecode.swift; path = Seeds.swift; sourceTree = "<group>"; };
		49B40DCA27EC673A00C28F26 /* FakeCharacterWorker.swift */ = {isa = PBXFileReference; lastKnownFileType = sourcecode.swift; path = FakeCharacterWorker.swift; sourceTree = "<group>"; };
		49B40DCD27EC686100C28F26 /* WorkerTestPlan.xctestplan */ = {isa = PBXFileReference; lastKnownFileType = text; path = WorkerTestPlan.xctestplan; sourceTree = "<group>"; };
		49B40DCE27EC6DE000C28F26 /* WorkerProtocols.swift */ = {isa = PBXFileReference; lastKnownFileType = sourcecode.swift; path = WorkerProtocols.swift; sourceTree = "<group>"; };
		49CF598327E8AE13008430A1 /* characterDetail.app */ = {isa = PBXFileReference; explicitFileType = wrapper.application; includeInIndex = 0; path = characterDetail.app; sourceTree = BUILT_PRODUCTS_DIR; };
		49CF598627E8AE13008430A1 /* AppDelegate.swift */ = {isa = PBXFileReference; lastKnownFileType = sourcecode.swift; path = AppDelegate.swift; sourceTree = "<group>"; };
		49CF598827E8AE13008430A1 /* SceneDelegate.swift */ = {isa = PBXFileReference; lastKnownFileType = sourcecode.swift; path = SceneDelegate.swift; sourceTree = "<group>"; };
		49CF598D27E8AE13008430A1 /* Base */ = {isa = PBXFileReference; lastKnownFileType = file.storyboard; name = Base; path = Base.lproj/Main.storyboard; sourceTree = "<group>"; };
		49CF598F27E8AE15008430A1 /* Assets.xcassets */ = {isa = PBXFileReference; lastKnownFileType = folder.assetcatalog; path = Assets.xcassets; sourceTree = "<group>"; };
		49CF599227E8AE15008430A1 /* Base */ = {isa = PBXFileReference; lastKnownFileType = file.storyboard; name = Base; path = Base.lproj/LaunchScreen.storyboard; sourceTree = "<group>"; };
		49CF599427E8AE15008430A1 /* Info.plist */ = {isa = PBXFileReference; lastKnownFileType = text.plist.xml; path = Info.plist; sourceTree = "<group>"; };
		49CF599F27E8B054008430A1 /* CharactersService.swift */ = {isa = PBXFileReference; lastKnownFileType = sourcecode.swift; path = CharactersService.swift; sourceTree = "<group>"; };
		49CF59A227E8C204008430A1 /* CharacterDataWrapper.swift */ = {isa = PBXFileReference; lastKnownFileType = sourcecode.swift; path = CharacterDataWrapper.swift; sourceTree = "<group>"; };
		49CF59A427E8C3EF008430A1 /* CharacterDataContainer.swift */ = {isa = PBXFileReference; lastKnownFileType = sourcecode.swift; path = CharacterDataContainer.swift; sourceTree = "<group>"; };
		49CF59A627E8C4A6008430A1 /* MarvelCharacter.swift */ = {isa = PBXFileReference; lastKnownFileType = sourcecode.swift; path = MarvelCharacter.swift; sourceTree = "<group>"; };
		49CF59A827E8C5F4008430A1 /* ThumbnailImage.swift */ = {isa = PBXFileReference; lastKnownFileType = sourcecode.swift; path = ThumbnailImage.swift; sourceTree = "<group>"; };
		49CF59AA27E8C76C008430A1 /* Marvel.swift */ = {isa = PBXFileReference; lastKnownFileType = sourcecode.swift; path = Marvel.swift; sourceTree = "<group>"; };
		49E21B0327EA0B12009A2B16 /* CharactersTableViewController.swift */ = {isa = PBXFileReference; lastKnownFileType = sourcecode.swift; path = CharactersTableViewController.swift; sourceTree = "<group>"; };
		49E21B0527EA0B87009A2B16 /* ComicCell.swift */ = {isa = PBXFileReference; lastKnownFileType = sourcecode.swift; path = ComicCell.swift; sourceTree = "<group>"; };
		49E21B0827EA0D31009A2B16 /* CharactersInteractor.swift */ = {isa = PBXFileReference; lastKnownFileType = sourcecode.swift; path = CharactersInteractor.swift; sourceTree = "<group>"; };
		49E21B0A27EA0D3C009A2B16 /* CharactersPresenter.swift */ = {isa = PBXFileReference; lastKnownFileType = sourcecode.swift; path = CharactersPresenter.swift; sourceTree = "<group>"; };
		49E21B0C27EA0DD2009A2B16 /* MarvelousRouter.swift */ = {isa = PBXFileReference; lastKnownFileType = sourcecode.swift; path = MarvelousRouter.swift; sourceTree = "<group>"; };
		49E21B0E27EA0E56009A2B16 /* ErrorViewController.swift */ = {isa = PBXFileReference; lastKnownFileType = sourcecode.swift; path = ErrorViewController.swift; sourceTree = "<group>"; };
		49E21B0F27EA0E56009A2B16 /* ErrorViewController.xib */ = {isa = PBXFileReference; lastKnownFileType = file.xib; path = ErrorViewController.xib; sourceTree = "<group>"; };
		49E21B1327EA244A009A2B16 /* MarvelCharacter+Hashable.swift */ = {isa = PBXFileReference; lastKnownFileType = sourcecode.swift; path = "MarvelCharacter+Hashable.swift"; sourceTree = "<group>"; };
		49E21B1527EA39C7009A2B16 /* Readme.md */ = {isa = PBXFileReference; lastKnownFileType = net.daringfireball.markdown; path = Readme.md; sourceTree = "<group>"; };
		49E21B1727EB2262009A2B16 /* CharacterDetailsViewController.swift */ = {isa = PBXFileReference; lastKnownFileType = sourcecode.swift; path = CharacterDetailsViewController.swift; sourceTree = "<group>"; };
		49F26AEA27E8CE9F006296C6 /* String+MD5.swift */ = {isa = PBXFileReference; lastKnownFileType = sourcecode.swift; path = "String+MD5.swift"; sourceTree = "<group>"; };
		49F26AEC27E8D099006296C6 /* Dictionary+.swift */ = {isa = PBXFileReference; lastKnownFileType = sourcecode.swift; path = "Dictionary+.swift"; sourceTree = "<group>"; };
/* End PBXFileReference section */

/* Begin PBXFrameworksBuildPhase section */
		49B40DBA27EB740300C28F26 /* Frameworks */ = {
			isa = PBXFrameworksBuildPhase;
			buildActionMask = 2147483647;
			files = (
			);
			runOnlyForDeploymentPostprocessing = 0;
		};
		49CF598027E8AE13008430A1 /* Frameworks */ = {
			isa = PBXFrameworksBuildPhase;
			buildActionMask = 2147483647;
			files = (
				49B40DB627EB481500C28F26 /* SDWebImage in Frameworks */,
				49DC7A4D27E9F33E00C25C7D /* Moya in Frameworks */,
			);
			runOnlyForDeploymentPostprocessing = 0;
		};
/* End PBXFrameworksBuildPhase section */

/* Begin PBXGroup section */
		49B40DBE27EB740300C28F26 /* characterDetailTests */ = {
			isa = PBXGroup;
			children = (
				49B40DBF27EB740300C28F26 /* characterDetailTests.swift */,
				49B40DC627EC641D00C28F26 /* Seeds.swift */,
				49B40DCA27EC673A00C28F26 /* FakeCharacterWorker.swift */,
				49B40DCD27EC686100C28F26 /* WorkerTestPlan.xctestplan */,
			);
			path = characterDetailTests;
			sourceTree = "<group>";
		};
		49CF597A27E8AE13008430A1 = {
			isa = PBXGroup;
			children = (
				49E21B1527EA39C7009A2B16 /* Readme.md */,
				49CF598527E8AE13008430A1 /* characterDetail */,
				49B40DBE27EB740300C28F26 /* characterDetailTests */,
				49CF598427E8AE13008430A1 /* Products */,
			);
			sourceTree = "<group>";
		};
		49CF598427E8AE13008430A1 /* Products */ = {
			isa = PBXGroup;
			children = (
				49CF598327E8AE13008430A1 /* characterDetail.app */,
				49B40DBD27EB740300C28F26 /* characterDetailTests.xctest */,
			);
			name = Products;
			sourceTree = "<group>";
		};
		49CF598527E8AE13008430A1 /* characterDetail */ = {
			isa = PBXGroup;
			children = (
				49E21B1627EB2220009A2B16 /* characterDetails */,
				49E21B1227EA1C3A009A2B16 /* error_handling */,
				49E21B0727EA0CED009A2B16 /* routers */,
				49E21B0227EA0868009A2B16 /* characterListing */,
				49F26AE927E8CE84006296C6 /* helpers */,
				49CF59AE27E8C97F008430A1 /* networking */,
				49CF59A127E8C1F4008430A1 /* model */,
				49CF599D27E8AF46008430A1 /* workers */,
				49CF598627E8AE13008430A1 /* AppDelegate.swift */,
				49CF598827E8AE13008430A1 /* SceneDelegate.swift */,
				49CF598C27E8AE13008430A1 /* Main.storyboard */,
				49CF598F27E8AE15008430A1 /* Assets.xcassets */,
				49CF599127E8AE15008430A1 /* LaunchScreen.storyboard */,
				49CF599427E8AE15008430A1 /* Info.plist */,
			);
			path = characterDetail;
			sourceTree = "<group>";
		};
		49CF599D27E8AF46008430A1 /* workers */ = {
			isa = PBXGroup;
			children = (
				49CF599F27E8B054008430A1 /* CharactersService.swift */,
				49B40DCE27EC6DE000C28F26 /* WorkerProtocols.swift */,
			);
			path = workers;
			sourceTree = "<group>";
		};
		49CF59A127E8C1F4008430A1 /* model */ = {
			isa = PBXGroup;
			children = (
				49CF59A227E8C204008430A1 /* CharacterDataWrapper.swift */,
				49CF59A427E8C3EF008430A1 /* CharacterDataContainer.swift */,
				49CF59A627E8C4A6008430A1 /* MarvelCharacter.swift */,
				49CF59A827E8C5F4008430A1 /* ThumbnailImage.swift */,
			);
			path = model;
			sourceTree = "<group>";
		};
		49CF59AE27E8C97F008430A1 /* networking */ = {
			isa = PBXGroup;
			children = (
				49CF59AA27E8C76C008430A1 /* Marvel.swift */,
			);
			path = networking;
			sourceTree = "<group>";
		};
		49E21B0227EA0868009A2B16 /* characterListing */ = {
			isa = PBXGroup;
			children = (
				49E21B0327EA0B12009A2B16 /* CharactersTableViewController.swift */,
				49E21B0527EA0B87009A2B16 /* ComicCell.swift */,
				49E21B0827EA0D31009A2B16 /* CharactersInteractor.swift */,
				49E21B0A27EA0D3C009A2B16 /* CharactersPresenter.swift */,
				49E21B1327EA244A009A2B16 /* MarvelCharacter+Hashable.swift */,
			);
			path = characterListing;
			sourceTree = "<group>";
		};
		49E21B0727EA0CED009A2B16 /* routers */ = {
			isa = PBXGroup;
			children = (
				49E21B0C27EA0DD2009A2B16 /* MarvelousRouter.swift */,
			);
			path = routers;
			sourceTree = "<group>";
		};
		49E21B1227EA1C3A009A2B16 /* error_handling */ = {
			isa = PBXGroup;
			children = (
				49E21B0E27EA0E56009A2B16 /* ErrorViewController.swift */,
				49E21B0F27EA0E56009A2B16 /* ErrorViewController.xib */,
			);
			path = error_handling;
			sourceTree = "<group>";
		};
		49E21B1627EB2220009A2B16 /* characterDetails */ = {
			isa = PBXGroup;
			children = (
				49E21B1727EB2262009A2B16 /* CharacterDetailsViewController.swift */,
			);
			path = characterDetails;
			sourceTree = "<group>";
		};
		49F26AE927E8CE84006296C6 /* helpers */ = {
			isa = PBXGroup;
			children = (
				49F26AEA27E8CE9F006296C6 /* String+MD5.swift */,
				49F26AEC27E8D099006296C6 /* Dictionary+.swift */,
			);
			path = helpers;
			sourceTree = "<group>";
		};
/* End PBXGroup section */

/* Begin PBXNativeTarget section */
		49B40DBC27EB740300C28F26 /* characterDetailTests */ = {
			isa = PBXNativeTarget;
			buildConfigurationList = 49B40DC327EB740300C28F26 /* Build configuration list for PBXNativeTarget "characterDetailTests" */;
			buildPhases = (
				49B40DB927EB740300C28F26 /* Sources */,
				49B40DBA27EB740300C28F26 /* Frameworks */,
				49B40DBB27EB740300C28F26 /* Resources */,
			);
			buildRules = (
			);
			dependencies = (
				49B40DC227EB740300C28F26 /* PBXTargetDependency */,
			);
			name = characterDetailTests;
			productName = characterDetailTests;
			productReference = 49B40DBD27EB740300C28F26 /* characterDetailTests.xctest */;
			productType = "com.apple.product-type.bundle.unit-test";
		};
		49CF598227E8AE13008430A1 /* characterDetail */ = {
			isa = PBXNativeTarget;
			buildConfigurationList = 49CF599727E8AE15008430A1 /* Build configuration list for PBXNativeTarget "characterDetail" */;
			buildPhases = (
				49CF597F27E8AE13008430A1 /* Sources */,
				49CF598027E8AE13008430A1 /* Frameworks */,
				49CF598127E8AE13008430A1 /* Resources */,
			);
			buildRules = (
			);
			dependencies = (
				49B40DB827EB599700C28F26 /* PBXTargetDependency */,
				49F26AE827E8CE56006296C6 /* PBXTargetDependency */,
			);
			name = characterDetail;
			packageProductDependencies = (
				49DC7A4C27E9F33E00C25C7D /* Moya */,
				49B40DB527EB481500C28F26 /* SDWebImage */,
			);
			productName = characterDetail;
			productReference = 49CF598327E8AE13008430A1 /* characterDetail.app */;
			productType = "com.apple.product-type.application";
		};
/* End PBXNativeTarget section */

/* Begin PBXProject section */
		49CF597B27E8AE13008430A1 /* Project object */ = {
			isa = PBXProject;
			attributes = {
				BuildIndependentTargetsInParallel = 1;
				LastSwiftUpdateCheck = 1330;
				LastUpgradeCheck = 1330;
				TargetAttributes = {
					49B40DBC27EB740300C28F26 = {
						CreatedOnToolsVersion = 13.3;
						TestTargetID = 49CF598227E8AE13008430A1;
					};
					49CF598227E8AE13008430A1 = {
						CreatedOnToolsVersion = 13.3;
					};
				};
			};
			buildConfigurationList = 49CF597E27E8AE13008430A1 /* Build configuration list for PBXProject "marvelCharacterDetail" */;
			compatibilityVersion = "Xcode 13.0";
			developmentRegion = en;
			hasScannedForEncodings = 0;
			knownRegions = (
				en,
				Base,
			);
			mainGroup = 49CF597A27E8AE13008430A1;
			packageReferences = (
				49CF599E27E8B036008430A1 /* XCRemoteSwiftPackageReference "Moya" */,
				49DC7A4B27E9F33E00C25C7D /* XCRemoteSwiftPackageReference "Moya" */,
				49B40DB427EB481500C28F26 /* XCRemoteSwiftPackageReference "SDWebImage" */,
			);
			productRefGroup = 49CF598427E8AE13008430A1 /* Products */;
			projectDirPath = "";
			projectRoot = "";
			targets = (
				49CF598227E8AE13008430A1 /* characterDetail */,
				49B40DBC27EB740300C28F26 /* characterDetailTests */,
			);
		};
/* End PBXProject section */

/* Begin PBXResourcesBuildPhase section */
		49B40DBB27EB740300C28F26 /* Resources */ = {
			isa = PBXResourcesBuildPhase;
			buildActionMask = 2147483647;
			files = (
			);
			runOnlyForDeploymentPostprocessing = 0;
		};
		49CF598127E8AE13008430A1 /* Resources */ = {
			isa = PBXResourcesBuildPhase;
			buildActionMask = 2147483647;
			files = (
				49CF599327E8AE15008430A1 /* LaunchScreen.storyboard in Resources */,
				49E21B1127EA0E56009A2B16 /* ErrorViewController.xib in Resources */,
				49CF599027E8AE15008430A1 /* Assets.xcassets in Resources */,
				49CF598E27E8AE13008430A1 /* Main.storyboard in Resources */,
			);
			runOnlyForDeploymentPostprocessing = 0;
		};
/* End PBXResourcesBuildPhase section */

/* Begin PBXSourcesBuildPhase section */
		49B40DB927EB740300C28F26 /* Sources */ = {
			isa = PBXSourcesBuildPhase;
			buildActionMask = 2147483647;
			files = (
				49B40DC727EC641D00C28F26 /* Seeds.swift in Sources */,
				49B40DC027EB740300C28F26 /* characterDetailTests.swift in Sources */,
				49B40DCB27EC673A00C28F26 /* FakeCharacterWorker.swift in Sources */,
				49B40DD027EC6E2600C28F26 /* WorkerProtocols.swift in Sources */,
				49B40DC927EC644800C28F26 /* ThumbnailImage.swift in Sources */,
				49B40DC827EC644200C28F26 /* MarvelCharacter.swift in Sources */,
			);
			runOnlyForDeploymentPostprocessing = 0;
		};
		49CF597F27E8AE13008430A1 /* Sources */ = {
			isa = PBXSourcesBuildPhase;
			buildActionMask = 2147483647;
			files = (
				49E21B0B27EA0D3C009A2B16 /* CharactersPresenter.swift in Sources */,
				49E21B0927EA0D31009A2B16 /* CharactersInteractor.swift in Sources */,
				49E21B0D27EA0DD2009A2B16 /* MarvelousRouter.swift in Sources */,
				49CF598727E8AE13008430A1 /* AppDelegate.swift in Sources */,
				49E21B1427EA244A009A2B16 /* MarvelCharacter+Hashable.swift in Sources */,
				49E21B0427EA0B12009A2B16 /* CharactersTableViewController.swift in Sources */,
				49CF59A327E8C204008430A1 /* CharacterDataWrapper.swift in Sources */,
				49CF598927E8AE13008430A1 /* SceneDelegate.swift in Sources */,
				49CF59A727E8C4A6008430A1 /* MarvelCharacter.swift in Sources */,
				49F26AED27E8D099006296C6 /* Dictionary+.swift in Sources */,
				49CF59A027E8B054008430A1 /* CharactersService.swift in Sources */,
				49CF59A927E8C5F4008430A1 /* ThumbnailImage.swift in Sources */,
				49B40DCF27EC6DE100C28F26 /* WorkerProtocols.swift in Sources */,
				49CF59AB27E8C76C008430A1 /* Marvel.swift in Sources */,
				49E21B0627EA0B87009A2B16 /* ComicCell.swift in Sources */,
				49E21B1027EA0E56009A2B16 /* ErrorViewController.swift in Sources */,
				49F26AEB27E8CE9F006296C6 /* String+MD5.swift in Sources */,
				49CF59A527E8C3EF008430A1 /* CharacterDataContainer.swift in Sources */,
				49E21B1927EB2262009A2B16 /* CharacterDetailsViewController.swift in Sources */,
			);
			runOnlyForDeploymentPostprocessing = 0;
		};
/* End PBXSourcesBuildPhase section */

/* Begin PBXTargetDependency section */
		49B40DB827EB599700C28F26 /* PBXTargetDependency */ = {
			isa = PBXTargetDependency;
			productRef = 49B40DB727EB599700C28F26 /* SDWebImage */;
		};
		49B40DC227EB740300C28F26 /* PBXTargetDependency */ = {
			isa = PBXTargetDependency;
			target = 49CF598227E8AE13008430A1 /* characterDetail */;
			targetProxy = 49B40DC127EB740300C28F26 /* PBXContainerItemProxy */;
		};
		49F26AE827E8CE56006296C6 /* PBXTargetDependency */ = {
			isa = PBXTargetDependency;
			productRef = 49F26AE727E8CE56006296C6 /* Moya */;
		};
/* End PBXTargetDependency section */

/* Begin PBXVariantGroup section */
		49CF598C27E8AE13008430A1 /* Main.storyboard */ = {
			isa = PBXVariantGroup;
			children = (
				49CF598D27E8AE13008430A1 /* Base */,
			);
			name = Main.storyboard;
			sourceTree = "<group>";
		};
		49CF599127E8AE15008430A1 /* LaunchScreen.storyboard */ = {
			isa = PBXVariantGroup;
			children = (
				49CF599227E8AE15008430A1 /* Base */,
			);
			name = LaunchScreen.storyboard;
			sourceTree = "<group>";
		};
/* End PBXVariantGroup section */

/* Begin XCBuildConfiguration section */
		49B40DC427EB740300C28F26 /* Debug */ = {
			isa = XCBuildConfiguration;
			buildSettings = {
				BUNDLE_LOADER = "$(TEST_HOST)";
				CODE_SIGN_STYLE = Automatic;
				CURRENT_PROJECT_VERSION = 1;
				DEVELOPMENT_TEAM = K76BMMNDDH;
				GENERATE_INFOPLIST_FILE = YES;
				MARKETING_VERSION = 1.0;
				PRODUCT_BUNDLE_IDENTIFIER = agl.characterDetailTests;
				PRODUCT_NAME = "$(TARGET_NAME)";
				SWIFT_EMIT_LOC_STRINGS = NO;
				SWIFT_VERSION = 5.0;
				TARGETED_DEVICE_FAMILY = "1,2";
				TEST_HOST = "$(BUILT_PRODUCTS_DIR)/characterDetail.app/characterDetail";
			};
			name = Debug;
		};
		49B40DC527EB740300C28F26 /* Release */ = {
			isa = XCBuildConfiguration;
			buildSettings = {
				BUNDLE_LOADER = "$(TEST_HOST)";
				CODE_SIGN_STYLE = Automatic;
				CURRENT_PROJECT_VERSION = 1;
				DEVELOPMENT_TEAM = K76BMMNDDH;
				GENERATE_INFOPLIST_FILE = YES;
				MARKETING_VERSION = 1.0;
				PRODUCT_BUNDLE_IDENTIFIER = agl.characterDetailTests;
				PRODUCT_NAME = "$(TARGET_NAME)";
				SWIFT_EMIT_LOC_STRINGS = NO;
				SWIFT_VERSION = 5.0;
				TARGETED_DEVICE_FAMILY = "1,2";
				TEST_HOST = "$(BUILT_PRODUCTS_DIR)/characterDetail.app/characterDetail";
			};
			name = Release;
		};
		49CF599527E8AE15008430A1 /* Debug */ = {
			isa = XCBuildConfiguration;
			buildSettings = {
				ALWAYS_SEARCH_USER_PATHS = NO;
				CLANG_ANALYZER_NONNULL = YES;
				CLANG_ANALYZER_NUMBER_OBJECT_CONVERSION = YES_AGGRESSIVE;
				CLANG_CXX_LANGUAGE_STANDARD = "gnu++17";
				CLANG_ENABLE_MODULES = YES;
				CLANG_ENABLE_OBJC_ARC = YES;
				CLANG_ENABLE_OBJC_WEAK = YES;
				CLANG_WARN_BLOCK_CAPTURE_AUTORELEASING = YES;
				CLANG_WARN_BOOL_CONVERSION = YES;
				CLANG_WARN_COMMA = YES;
				CLANG_WARN_CONSTANT_CONVERSION = YES;
				CLANG_WARN_DEPRECATED_OBJC_IMPLEMENTATIONS = YES;
				CLANG_WARN_DIRECT_OBJC_ISA_USAGE = YES_ERROR;
				CLANG_WARN_DOCUMENTATION_COMMENTS = YES;
				CLANG_WARN_EMPTY_BODY = YES;
				CLANG_WARN_ENUM_CONVERSION = YES;
				CLANG_WARN_INFINITE_RECURSION = YES;
				CLANG_WARN_INT_CONVERSION = YES;
				CLANG_WARN_NON_LITERAL_NULL_CONVERSION = YES;
				CLANG_WARN_OBJC_IMPLICIT_RETAIN_SELF = YES;
				CLANG_WARN_OBJC_LITERAL_CONVERSION = YES;
				CLANG_WARN_OBJC_ROOT_CLASS = YES_ERROR;
				CLANG_WARN_QUOTED_INCLUDE_IN_FRAMEWORK_HEADER = YES;
				CLANG_WARN_RANGE_LOOP_ANALYSIS = YES;
				CLANG_WARN_STRICT_PROTOTYPES = YES;
				CLANG_WARN_SUSPICIOUS_MOVE = YES;
				CLANG_WARN_UNGUARDED_AVAILABILITY = YES_AGGRESSIVE;
				CLANG_WARN_UNREACHABLE_CODE = YES;
				CLANG_WARN__DUPLICATE_METHOD_MATCH = YES;
				COPY_PHASE_STRIP = NO;
				DEBUG_INFORMATION_FORMAT = dwarf;
				ENABLE_STRICT_OBJC_MSGSEND = YES;
				ENABLE_TESTABILITY = YES;
				GCC_C_LANGUAGE_STANDARD = gnu11;
				GCC_DYNAMIC_NO_PIC = NO;
				GCC_NO_COMMON_BLOCKS = YES;
				GCC_OPTIMIZATION_LEVEL = 0;
				GCC_PREPROCESSOR_DEFINITIONS = (
					"DEBUG=1",
					"$(inherited)",
				);
				GCC_WARN_64_TO_32_BIT_CONVERSION = YES;
				GCC_WARN_ABOUT_RETURN_TYPE = YES_ERROR;
				GCC_WARN_UNDECLARED_SELECTOR = YES;
				GCC_WARN_UNINITIALIZED_AUTOS = YES_AGGRESSIVE;
				GCC_WARN_UNUSED_FUNCTION = YES;
				GCC_WARN_UNUSED_VARIABLE = YES;
				IPHONEOS_DEPLOYMENT_TARGET = 15.4;
				MTL_ENABLE_DEBUG_INFO = INCLUDE_SOURCE;
				MTL_FAST_MATH = YES;
				ONLY_ACTIVE_ARCH = YES;
				SDKROOT = iphoneos;
				SWIFT_ACTIVE_COMPILATION_CONDITIONS = DEBUG;
				SWIFT_OPTIMIZATION_LEVEL = "-Onone";
			};
			name = Debug;
		};
		49CF599627E8AE15008430A1 /* Release */ = {
			isa = XCBuildConfiguration;
			buildSettings = {
				ALWAYS_SEARCH_USER_PATHS = NO;
				CLANG_ANALYZER_NONNULL = YES;
				CLANG_ANALYZER_NUMBER_OBJECT_CONVERSION = YES_AGGRESSIVE;
				CLANG_CXX_LANGUAGE_STANDARD = "gnu++17";
				CLANG_ENABLE_MODULES = YES;
				CLANG_ENABLE_OBJC_ARC = YES;
				CLANG_ENABLE_OBJC_WEAK = YES;
				CLANG_WARN_BLOCK_CAPTURE_AUTORELEASING = YES;
				CLANG_WARN_BOOL_CONVERSION = YES;
				CLANG_WARN_COMMA = YES;
				CLANG_WARN_CONSTANT_CONVERSION = YES;
				CLANG_WARN_DEPRECATED_OBJC_IMPLEMENTATIONS = YES;
				CLANG_WARN_DIRECT_OBJC_ISA_USAGE = YES_ERROR;
				CLANG_WARN_DOCUMENTATION_COMMENTS = YES;
				CLANG_WARN_EMPTY_BODY = YES;
				CLANG_WARN_ENUM_CONVERSION = YES;
				CLANG_WARN_INFINITE_RECURSION = YES;
				CLANG_WARN_INT_CONVERSION = YES;
				CLANG_WARN_NON_LITERAL_NULL_CONVERSION = YES;
				CLANG_WARN_OBJC_IMPLICIT_RETAIN_SELF = YES;
				CLANG_WARN_OBJC_LITERAL_CONVERSION = YES;
				CLANG_WARN_OBJC_ROOT_CLASS = YES_ERROR;
				CLANG_WARN_QUOTED_INCLUDE_IN_FRAMEWORK_HEADER = YES;
				CLANG_WARN_RANGE_LOOP_ANALYSIS = YES;
				CLANG_WARN_STRICT_PROTOTYPES = YES;
				CLANG_WARN_SUSPICIOUS_MOVE = YES;
				CLANG_WARN_UNGUARDED_AVAILABILITY = YES_AGGRESSIVE;
				CLANG_WARN_UNREACHABLE_CODE = YES;
				CLANG_WARN__DUPLICATE_METHOD_MATCH = YES;
				COPY_PHASE_STRIP = NO;
				DEBUG_INFORMATION_FORMAT = "dwarf-with-dsym";
				ENABLE_NS_ASSERTIONS = NO;
				ENABLE_STRICT_OBJC_MSGSEND = YES;
				GCC_C_LANGUAGE_STANDARD = gnu11;
				GCC_NO_COMMON_BLOCKS = YES;
				GCC_WARN_64_TO_32_BIT_CONVERSION = YES;
				GCC_WARN_ABOUT_RETURN_TYPE = YES_ERROR;
				GCC_WARN_UNDECLARED_SELECTOR = YES;
				GCC_WARN_UNINITIALIZED_AUTOS = YES_AGGRESSIVE;
				GCC_WARN_UNUSED_FUNCTION = YES;
				GCC_WARN_UNUSED_VARIABLE = YES;
				IPHONEOS_DEPLOYMENT_TARGET = 15.4;
				MTL_ENABLE_DEBUG_INFO = NO;
				MTL_FAST_MATH = YES;
				SDKROOT = iphoneos;
				SWIFT_COMPILATION_MODE = wholemodule;
				SWIFT_OPTIMIZATION_LEVEL = "-O";
				VALIDATE_PRODUCT = YES;
			};
			name = Release;
		};
		49CF599827E8AE15008430A1 /* Debug */ = {
			isa = XCBuildConfiguration;
			buildSettings = {
				ASSETCATALOG_COMPILER_APPICON_NAME = AppIcon;
				ASSETCATALOG_COMPILER_GLOBAL_ACCENT_COLOR_NAME = AccentColor;
				CODE_SIGN_STYLE = Automatic;
				CURRENT_PROJECT_VERSION = 1;
				DEVELOPMENT_TEAM = K76BMMNDDH;
				GENERATE_INFOPLIST_FILE = YES;
				INFOPLIST_FILE = characterDetail/Info.plist;
				INFOPLIST_KEY_UIApplicationSupportsIndirectInputEvents = YES;
				INFOPLIST_KEY_UILaunchStoryboardName = LaunchScreen;
				INFOPLIST_KEY_UIMainStoryboardFile = Main;
				INFOPLIST_KEY_UISupportedInterfaceOrientations_iPad = "UIInterfaceOrientationPortrait UIInterfaceOrientationPortraitUpsideDown UIInterfaceOrientationLandscapeLeft UIInterfaceOrientationLandscapeRight";
				INFOPLIST_KEY_UISupportedInterfaceOrientations_iPhone = "UIInterfaceOrientationPortrait UIInterfaceOrientationLandscapeLeft UIInterfaceOrientationLandscapeRight";
				IPHONEOS_DEPLOYMENT_TARGET = 15.0;
				LD_RUNPATH_SEARCH_PATHS = (
					"$(inherited)",
					"@executable_path/Frameworks",
				);
				MARKETING_VERSION = 1.0;
				PRODUCT_BUNDLE_IDENTIFIER = agl.characterDetail;
				PRODUCT_NAME = "$(TARGET_NAME)";
				SWIFT_EMIT_LOC_STRINGS = YES;
				SWIFT_VERSION = 5.0;
				TARGETED_DEVICE_FAMILY = "1,2";
			};
			name = Debug;
		};
		49CF599927E8AE15008430A1 /* Release */ = {
			isa = XCBuildConfiguration;
			buildSettings = {
				ASSETCATALOG_COMPILER_APPICON_NAME = AppIcon;
				ASSETCATALOG_COMPILER_GLOBAL_ACCENT_COLOR_NAME = AccentColor;
				CODE_SIGN_STYLE = Automatic;
				CURRENT_PROJECT_VERSION = 1;
				DEVELOPMENT_TEAM = K76BMMNDDH;
				GENERATE_INFOPLIST_FILE = YES;
				INFOPLIST_FILE = characterDetail/Info.plist;
				INFOPLIST_KEY_UIApplicationSupportsIndirectInputEvents = YES;
				INFOPLIST_KEY_UILaunchStoryboardName = LaunchScreen;
				INFOPLIST_KEY_UIMainStoryboardFile = Main;
				INFOPLIST_KEY_UISupportedInterfaceOrientations_iPad = "UIInterfaceOrientationPortrait UIInterfaceOrientationPortraitUpsideDown UIInterfaceOrientationLandscapeLeft UIInterfaceOrientationLandscapeRight";
				INFOPLIST_KEY_UISupportedInterfaceOrientations_iPhone = "UIInterfaceOrientationPortrait UIInterfaceOrientationLandscapeLeft UIInterfaceOrientationLandscapeRight";
				IPHONEOS_DEPLOYMENT_TARGET = 15.0;
				LD_RUNPATH_SEARCH_PATHS = (
					"$(inherited)",
					"@executable_path/Frameworks",
				);
				MARKETING_VERSION = 1.0;
				PRODUCT_BUNDLE_IDENTIFIER = agl.characterDetail;
				PRODUCT_NAME = "$(TARGET_NAME)";
				SWIFT_EMIT_LOC_STRINGS = YES;
				SWIFT_VERSION = 5.0;
				TARGETED_DEVICE_FAMILY = "1,2";
			};
			name = Release;
		};
/* End XCBuildConfiguration section */

/* Begin XCConfigurationList section */
		49B40DC327EB740300C28F26 /* Build configuration list for PBXNativeTarget "characterDetailTests" */ = {
			isa = XCConfigurationList;
			buildConfigurations = (
				49B40DC427EB740300C28F26 /* Debug */,
				49B40DC527EB740300C28F26 /* Release */,
			);
			defaultConfigurationIsVisible = 0;
			defaultConfigurationName = Release;
		};
		49CF597E27E8AE13008430A1 /* Build configuration list for PBXProject "marvelCharacterDetail" */ = {
			isa = XCConfigurationList;
			buildConfigurations = (
				49CF599527E8AE15008430A1 /* Debug */,
				49CF599627E8AE15008430A1 /* Release */,
			);
			defaultConfigurationIsVisible = 0;
			defaultConfigurationName = Release;
		};
		49CF599727E8AE15008430A1 /* Build configuration list for PBXNativeTarget "characterDetail" */ = {
			isa = XCConfigurationList;
			buildConfigurations = (
				49CF599827E8AE15008430A1 /* Debug */,
				49CF599927E8AE15008430A1 /* Release */,
			);
			defaultConfigurationIsVisible = 0;
			defaultConfigurationName = Release;
		};
/* End XCConfigurationList section */

/* Begin XCRemoteSwiftPackageReference section */
		49B40DB427EB481500C28F26 /* XCRemoteSwiftPackageReference "SDWebImage" */ = {
			isa = XCRemoteSwiftPackageReference;
			repositoryURL = "https://github.com/SDWebImage/SDWebImage.git";
			requirement = {
				kind = upToNextMajorVersion;
				minimumVersion = 5.0.0;
			};
		};
		49CF599E27E8B036008430A1 /* XCRemoteSwiftPackageReference "Moya" */ = {
			isa = XCRemoteSwiftPackageReference;
			repositoryURL = "https://github.com/Moya/Moya";
			requirement = {
				kind = upToNextMajorVersion;
				minimumVersion = 14.0.0;
			};
		};
		49DC7A4B27E9F33E00C25C7D /* XCRemoteSwiftPackageReference "Moya" */ = {
			isa = XCRemoteSwiftPackageReference;
			repositoryURL = "https://github.com/Moya/Moya";
			requirement = {
				kind = upToNextMajorVersion;
				minimumVersion = 14.0.0;
			};
		};
/* End XCRemoteSwiftPackageReference section */

/* Begin XCSwiftPackageProductDependency section */
		49B40DB527EB481500C28F26 /* SDWebImage */ = {
			isa = XCSwiftPackageProductDependency;
			package = 49B40DB427EB481500C28F26 /* XCRemoteSwiftPackageReference "SDWebImage" */;
			productName = SDWebImage;
		};
		49B40DB727EB599700C28F26 /* SDWebImage */ = {
			isa = XCSwiftPackageProductDependency;
			package = 49B40DB427EB481500C28F26 /* XCRemoteSwiftPackageReference "SDWebImage" */;
			productName = SDWebImage;
		};
		49DC7A4C27E9F33E00C25C7D /* Moya */ = {
			isa = XCSwiftPackageProductDependency;
			package = 49CF599E27E8B036008430A1 /* XCRemoteSwiftPackageReference "Moya" */;
			productName = Moya;
		};
		49F26AE727E8CE56006296C6 /* Moya */ = {
			isa = XCSwiftPackageProductDependency;
			package = 49CF599E27E8B036008430A1 /* XCRemoteSwiftPackageReference "Moya" */;
			productName = Moya;
		};
/* End XCSwiftPackageProductDependency section */
	};
	rootObject = 49CF597B27E8AE13008430A1 /* Project object */;
}
